
Microsoft Visual Studio Solution File, Format Version 11.00
# Visual Studio 2010
Project("{FAE04EC0-301F-11D3-BF4B-00C04F79EFBC}") = "appweckern.wecker", "appweckern.wecker\appweckern.wecker.csproj", "{02E87655-D2E8-42EF-9D01-FB1EA580CACF}"
EndProject
Project("{FAE04EC0-301F-11D3-BF4B-00C04F79EFBC}") = "appweckern.wecker.tests", "appweckern.wecker.tests\appweckern.wecker.tests.csproj", "{AFF82E24-2A93-442F-A06B-56EBF9B7ED1E}"
EndProject
Global
	GlobalSection(SolutionConfigurationPlatforms) = preSolution
		Debug|Any CPU = Debug|Any CPU
		Release|Any CPU = Release|Any CPU
	EndGlobalSection
	GlobalSection(ProjectConfigurationPlatforms) = postSolution
		{02E87655-D2E8-42EF-9D01-FB1EA580CACF}.Debug|Any CPU.ActiveCfg = Debug|Any CPU
		{02E87655-D2E8-42EF-9D01-FB1EA580CACF}.Debug|Any CPU.Build.0 = Debug|Any CPU
		{02E87655-D2E8-42EF-9D01-FB1EA580CACF}.Release|Any CPU.ActiveCfg = Release|Any CPU
		{02E87655-D2E8-42EF-9D01-FB1EA580CACF}.Release|Any CPU.Build.0 = Release|Any CPU
		{AFF82E24-2A93-442F-A06B-56EBF9B7ED1E}.Debug|Any CPU.ActiveCfg = Debug|Any CPU
		{AFF82E24-2A93-442F-A06B-56EBF9B7ED1E}.Debug|Any CPU.Build.0 = Debug|Any CPU
		{AFF82E24-2A93-442F-A06B-56EBF9B7ED1E}.Release|Any CPU.ActiveCfg = Release|Any CPU
		{AFF82E24-2A93-442F-A06B-56EBF9B7ED1E}.Release|Any CPU.Build.0 = Release|Any CPU
	EndGlobalSection
	GlobalSection(SolutionProperties) = preSolution
		HideSolutionNode = FALSE
	EndGlobalSection
EndGlobal
